
Microsoft Visual Studio Solution File, Format Version 12.00
# Visual Studio Version 16
VisualStudioVersion = 16.0.30011.22
MinimumVisualStudioVersion = 10.0.40219.1
Project("{9A19103F-16F7-4668-BE54-9A1E7A4F7556}") = "TreeViewMultiLevelDemo", "TreeViewMultiLevelDemo.csproj", "{0E75E5C9-40F4-4B26-9C39-DABD8473CDB9}"
EndProject
Global
	GlobalSection(SolutionConfigurationPlatforms) = preSolution
		Debug|Any CPU = Debug|Any CPU
		Release|Any CPU = Release|Any CPU
	EndGlobalSection
	GlobalSection(ProjectConfigurationPlatforms) = postSolution
		{0E75E5C9-40F4-4B26-9C39-DABD8473CDB9}.Debug|Any CPU.ActiveCfg = Debug|Any CPU
		{0E75E5C9-40F4-4B26-9C39-DABD8473CDB9}.Debug|Any CPU.Build.0 = Debug|Any CPU
		{0E75E5C9-40F4-4B26-9C39-DABD8473CDB9}.Release|Any CPU.ActiveCfg = Release|Any CPU
		{0E75E5C9-40F4-4B26-9C39-DABD8473CDB9}.Release|Any CPU.Build.0 = Release|Any CPU
	EndGlobalSection
	GlobalSection(SolutionProperties) = preSolution
		HideSolutionNode = FALSE
	EndGlobalSection
	GlobalSection(ExtensibilityGlobals) = postSolution
		SolutionGuid = {63B9F307-201F-4943-93F8-D1A2D0235C34}
	EndGlobalSection
EndGlobal
